
Microsoft Visual Studio Solution File, Format Version 12.00
# Visual Studio Version 16
VisualStudioVersion = 16.0.30128.74
MinimumVisualStudioVersion = 10.0.40219.1
Project("{FAE04EC0-301F-11D3-BF4B-00C04F79EFBC}") = "AlbolBinarioOrdenado1", "AlbolBinarioOrdenado1\AlbolBinarioOrdenado1.csproj", "{BD91F3D8-3DCE-4812-B459-25036E596880}"
EndProject
Global
	GlobalSection(SolutionConfigurationPlatforms) = preSolution
		Debug|Any CPU = Debug|Any CPU
		Release|Any CPU = Release|Any CPU
	EndGlobalSection
	GlobalSection(ProjectConfigurationPlatforms) = postSolution
		{BD91F3D8-3DCE-4812-B459-25036E596880}.Debug|Any CPU.ActiveCfg = Debug|Any CPU
		{BD91F3D8-3DCE-4812-B459-25036E596880}.Debug|Any CPU.Build.0 = Debug|Any CPU
		{BD91F3D8-3DCE-4812-B459-25036E596880}.Release|Any CPU.ActiveCfg = Release|Any CPU
		{BD91F3D8-3DCE-4812-B459-25036E596880}.Release|Any CPU.Build.0 = Release|Any CPU
	EndGlobalSection
	GlobalSection(SolutionProperties) = preSolution
		HideSolutionNode = FALSE
	EndGlobalSection
	GlobalSection(ExtensibilityGlobals) = postSolution
		SolutionGuid = {D7CDE924-B9F9-4041-9C51-999DC380E8DD}
	EndGlobalSection
EndGlobal
